
Microsoft Visual Studio Solution File, Format Version 12.00
# Visual Studio Version 17
VisualStudioVersion = 17.7.34302.85
MinimumVisualStudioVersion = 10.0.40219.1
Project("{9A19103F-16F7-4668-BE54-9A1E7A4F7556}") = "Landing", "Landing\Landing.csproj", "{DD64EEF9-CC1A-45EE-B2AF-199E1CB2856C}"
EndProject
Project("{9A19103F-16F7-4668-BE54-9A1E7A4F7556}") = "Portal", "Portal\Portal.csproj", "{CE999A16-BB91-43C2-8457-A1A3807061F4}"
EndProject
Global
	GlobalSection(SolutionConfigurationPlatforms) = preSolution
		Debug|Any CPU = Debug|Any CPU
		Release|Any CPU = Release|Any CPU
	EndGlobalSection
	GlobalSection(ProjectConfigurationPlatforms) = postSolution
		{DD64EEF9-CC1A-45EE-B2AF-199E1CB2856C}.Debug|Any CPU.ActiveCfg = Debug|Any CPU
		{DD64EEF9-CC1A-45EE-B2AF-199E1CB2856C}.Debug|Any CPU.Build.0 = Debug|Any CPU
		{DD64EEF9-CC1A-45EE-B2AF-199E1CB2856C}.Release|Any CPU.ActiveCfg = Release|Any CPU
		{DD64EEF9-CC1A-45EE-B2AF-199E1CB2856C}.Release|Any CPU.Build.0 = Release|Any CPU
		{CE999A16-BB91-43C2-8457-A1A3807061F4}.Debug|Any CPU.ActiveCfg = Debug|Any CPU
		{CE999A16-BB91-43C2-8457-A1A3807061F4}.Debug|Any CPU.Build.0 = Debug|Any CPU
		{CE999A16-BB91-43C2-8457-A1A3807061F4}.Release|Any CPU.ActiveCfg = Release|Any CPU
		{CE999A16-BB91-43C2-8457-A1A3807061F4}.Release|Any CPU.Build.0 = Release|Any CPU
	EndGlobalSection
	GlobalSection(SolutionProperties) = preSolution
		HideSolutionNode = FALSE
	EndGlobalSection
	GlobalSection(ExtensibilityGlobals) = postSolution
		SolutionGuid = {1B46F6B6-3172-4AA6-825C-C5EBFC23F069}
	EndGlobalSection
EndGlobal
